<?xml version="1.0" encoding="UTF-8" standalone="yes" ?>
<CodeBlocks_project_file>
	<FileVersion major="1" minor="6" />
	<Project>
		<Option title="Cryptex" />
		<Option pch_mode="2" />
		<Option compiler="gcc" />
		<Build>
			<Target title="Debug">
				<Option output="bin/Debug/Cryptex" prefix_auto="1" extension_auto="1" />
				<Option object_output="obj/Debug/" />
				<Option type="1" />
				<Option compiler="gcc" />
				<Compiler>
					<Add option="-g" />
				</Compiler>
			</Target>
			<Target title="Release">
				<Option output="bin/Release/Cryptex" prefix_auto="1" extension_auto="1" />
				<Option object_output="obj/Release/" />
				<Option type="1" />
				<Option compiler="gcc" />
				<Compiler>
					<Add option="-O2" />
				</Compiler>
				<Linker>
					<Add option="-s" />
				</Linker>
			</Target>
		</Build>
		<Compiler>
			<Add option="-std=c++11" />
			<Add option="-Wextra" />
			<Add option="-Wall" />
			<Add option="-fexceptions" />
			<Add option="-Wno-unused-parameter" />
		</Compiler>
		<Linker>
			<Add option="-lboost_system" />
			<Add option="-lboost_filesystem" />
			<Add option="-lopencv_core" />
			<Add option="-lopencv_highgui" />
			<Add option="-lopencv_videoio" />
			<Add option="-lopencv_imgproc" />
			<Add option="-lopencv_features2d" />
			<Add option="-lpsmoveapi" />
			<Add option="-lpthread" />
		</Linker>
		<Unit filename="blob.hpp" />
		<Unit filename="blob_finder.cpp" />
		<Unit filename="blob_finder.hpp" />
		<Unit filename="blob_targeter.cpp" />
		<Unit filename="blob_targeter.hpp" />
		<Unit filename="blob_tracker.cpp" />
		<Unit filename="blob_tracker.hpp" />
		<Unit filename="calibrator_module.cpp" />
		<Unit filename="calibrator_module.hpp" />
		<Unit filename="calibrator_window.cpp" />
		<Unit filename="calibrator_window.hpp" />
		<Unit filename="config_module.cpp" />
		<Unit filename="config_module.hpp" />
		<Unit filename="device_controller.cpp" />
		<Unit filename="device_controller.hpp" />
		<Unit filename="device_id.hpp" />
		<Unit filename="device_manager.cpp" />
		<Unit filename="device_manager.hpp" />
		<Unit filename="driver.cpp" />
		<Unit filename="driver.hpp" />
		<Unit filename="error_controller.cpp" />
		<Unit filename="error_controller.hpp" />
		<Unit filename="global.cpp" />
		<Unit filename="global.hpp" />
		<Unit filename="main.cpp" />
		<Unit filename="main_controller.cpp" />
		<Unit filename="main_controller.hpp" />
		<Unit filename="math.cpp" />
		<Unit filename="math.hpp" />
		<Unit filename="menu_module.cpp" />
		<Unit filename="menu_module.hpp" />
		<Unit filename="merge_manager.cpp" />
		<Unit filename="merge_manager.hpp" />
		<Unit filename="module.cpp" />
		<Unit filename="module.hpp" />
		<Unit filename="motor_controller.cpp" />
		<Unit filename="motor_controller.hpp" />
		<Unit filename="pid_controller.cpp" />
		<Unit filename="pid_controller.hpp" />
		<Unit filename="player_module.cpp" />
		<Unit filename="player_module.hpp" />
		<Unit filename="psmove.cpp" />
		<Unit filename="psmove.hpp" />
		<Unit filename="psmove_module.cpp" />
		<Unit filename="psmove_module.hpp" />
		<Unit filename="referee_controller.cpp" />
		<Unit filename="referee_controller.hpp" />
		<Unit filename="rs485_controller.cpp" />
		<Unit filename="rs485_controller.hpp" />
		<Unit filename="rs485_dongle.cpp" />
		<Unit filename="rs485_dongle.hpp" />
		<Unit filename="serial_controller.cpp" />
		<Unit filename="serial_controller.hpp" />
		<Unit filename="serial_device.cpp" />
		<Unit filename="serial_device.hpp" />
		<Unit filename="serial_scanner.cpp" />
		<Unit filename="serial_scanner.hpp" />
		<Unit filename="srf_dongle.cpp" />
		<Unit filename="srf_dongle.hpp" />
		<Unit filename="test_module.cpp" />
		<Unit filename="test_module.hpp" />
		<Extensions>
			<code_completion />
			<debugger />
		</Extensions>
	</Project>
</CodeBlocks_project_file>
